
Microsoft Visual Studio Solution File, Format Version 12.00
# Visual Studio Version 17
VisualStudioVersion = 17.8.34525.116
MinimumVisualStudioVersion = 10.0.40219.1
Project("{9A19103F-16F7-4668-BE54-9A1E7A4F7556}") = "ProgrammingSolution", "ProgrammingSolution.csproj", "{66B2BD6B-7C1D-44A2-BC38-3C38DAFA8457}"
EndProject
Project("{54435603-DBB4-11D2-8724-00A0C9A8B90C}") = "AppBook", "..\AppBook\AppBook.vdproj", "{909B1E4E-32CF-4F09-A998-227240D6681D}"
EndProject
Global
	GlobalSection(SolutionConfigurationPlatforms) = preSolution
		Debug|Any CPU = Debug|Any CPU
		Release|Any CPU = Release|Any CPU
	EndGlobalSection
	GlobalSection(ProjectConfigurationPlatforms) = postSolution
		{66B2BD6B-7C1D-44A2-BC38-3C38DAFA8457}.Debug|Any CPU.ActiveCfg = Debug|Any CPU
		{66B2BD6B-7C1D-44A2-BC38-3C38DAFA8457}.Debug|Any CPU.Build.0 = Debug|Any CPU
		{66B2BD6B-7C1D-44A2-BC38-3C38DAFA8457}.Release|Any CPU.ActiveCfg = Release|Any CPU
		{66B2BD6B-7C1D-44A2-BC38-3C38DAFA8457}.Release|Any CPU.Build.0 = Release|Any CPU
		{909B1E4E-32CF-4F09-A998-227240D6681D}.Debug|Any CPU.ActiveCfg = Debug
		{909B1E4E-32CF-4F09-A998-227240D6681D}.Debug|Any CPU.Build.0 = Debug
		{909B1E4E-32CF-4F09-A998-227240D6681D}.Release|Any CPU.ActiveCfg = Release
		{909B1E4E-32CF-4F09-A998-227240D6681D}.Release|Any CPU.Build.0 = Release
	EndGlobalSection
	GlobalSection(SolutionProperties) = preSolution
		HideSolutionNode = FALSE
	EndGlobalSection
	GlobalSection(ExtensibilityGlobals) = postSolution
		SolutionGuid = {BA69B59D-62EC-4A2D-BC8A-4CACA47E9862}
	EndGlobalSection
EndGlobal
