
Microsoft Visual Studio Solution File, Format Version 12.00
# Visual Studio Version 17
VisualStudioVersion = 17.8.34525.116
MinimumVisualStudioVersion = 10.0.40219.1
Project("{9A19103F-16F7-4668-BE54-9A1E7A4F7556}") = "Programming", "Programming\Programming.csproj", "{102B37E4-0368-4B5B-8B90-250D0B67A9F7}"
EndProject
Project("{9A19103F-16F7-4668-BE54-9A1E7A4F7556}") = "ProgrammingSolution", "ProgrammingSolution\ProgrammingSolution.csproj", "{E1173FFB-A879-4B75-99E5-6E85DDD7CB89}"
EndProject
Project("{54435603-DBB4-11D2-8724-00A0C9A8B90C}") = "AppBook", "AppBook\AppBook.vdproj", "{82998F49-F9EE-412C-85E0-3B1FECFF015D}"
EndProject
Global
	GlobalSection(SolutionConfigurationPlatforms) = preSolution
		Debug|Any CPU = Debug|Any CPU
		Release|Any CPU = Release|Any CPU
	EndGlobalSection
	GlobalSection(ProjectConfigurationPlatforms) = postSolution
		{102B37E4-0368-4B5B-8B90-250D0B67A9F7}.Debug|Any CPU.ActiveCfg = Debug|Any CPU
		{102B37E4-0368-4B5B-8B90-250D0B67A9F7}.Debug|Any CPU.Build.0 = Debug|Any CPU
		{102B37E4-0368-4B5B-8B90-250D0B67A9F7}.Release|Any CPU.ActiveCfg = Release|Any CPU
		{102B37E4-0368-4B5B-8B90-250D0B67A9F7}.Release|Any CPU.Build.0 = Release|Any CPU
		{E1173FFB-A879-4B75-99E5-6E85DDD7CB89}.Debug|Any CPU.ActiveCfg = Debug|Any CPU
		{E1173FFB-A879-4B75-99E5-6E85DDD7CB89}.Debug|Any CPU.Build.0 = Debug|Any CPU
		{E1173FFB-A879-4B75-99E5-6E85DDD7CB89}.Release|Any CPU.ActiveCfg = Release|Any CPU
		{E1173FFB-A879-4B75-99E5-6E85DDD7CB89}.Release|Any CPU.Build.0 = Release|Any CPU
		{82998F49-F9EE-412C-85E0-3B1FECFF015D}.Debug|Any CPU.ActiveCfg = Debug
		{82998F49-F9EE-412C-85E0-3B1FECFF015D}.Release|Any CPU.ActiveCfg = Release
	EndGlobalSection
	GlobalSection(SolutionProperties) = preSolution
		HideSolutionNode = FALSE
	EndGlobalSection
	GlobalSection(ExtensibilityGlobals) = postSolution
		SolutionGuid = {7FAFFD66-0498-431C-9E7A-D78F05382BA9}
	EndGlobalSection
EndGlobal
