
Microsoft Visual Studio Solution File, Format Version 12.00
# Visual Studio Version 17
VisualStudioVersion = 17.8.34525.116
MinimumVisualStudioVersion = 10.0.40219.1
Project("{9A19103F-16F7-4668-BE54-9A1E7A4F7556}") = "ProgrammingSolution", "..\..\ProgrammingSolution\ProgrammingSolution.csproj", "{5FF46B87-80D8-4601-A5FE-62C46DC6701D}"
EndProject
Project("{54435603-DBB4-11D2-8724-00A0C9A8B90C}") = "AppBook", "..\..\AppBook\AppBook.vdproj", "{0958EE1D-D457-4695-8B3C-876954DCD5C1}"
EndProject
Global
	GlobalSection(SolutionConfigurationPlatforms) = preSolution
		Debug|Any CPU = Debug|Any CPU
		Release|Any CPU = Release|Any CPU
	EndGlobalSection
	GlobalSection(ProjectConfigurationPlatforms) = postSolution
		{5FF46B87-80D8-4601-A5FE-62C46DC6701D}.Debug|Any CPU.ActiveCfg = Debug|Any CPU
		{5FF46B87-80D8-4601-A5FE-62C46DC6701D}.Debug|Any CPU.Build.0 = Debug|Any CPU
		{5FF46B87-80D8-4601-A5FE-62C46DC6701D}.Release|Any CPU.ActiveCfg = Release|Any CPU
		{5FF46B87-80D8-4601-A5FE-62C46DC6701D}.Release|Any CPU.Build.0 = Release|Any CPU
		{0958EE1D-D457-4695-8B3C-876954DCD5C1}.Debug|Any CPU.ActiveCfg = Debug
		{0958EE1D-D457-4695-8B3C-876954DCD5C1}.Debug|Any CPU.Build.0 = Debug
		{0958EE1D-D457-4695-8B3C-876954DCD5C1}.Release|Any CPU.ActiveCfg = Release
		{0958EE1D-D457-4695-8B3C-876954DCD5C1}.Release|Any CPU.Build.0 = Release
	EndGlobalSection
	GlobalSection(SolutionProperties) = preSolution
		HideSolutionNode = FALSE
	EndGlobalSection
	GlobalSection(ExtensibilityGlobals) = postSolution
		SolutionGuid = {DC90E757-663E-446E-8DA7-5A9A769826A6}
	EndGlobalSection
EndGlobal
